
Microsoft Visual Studio Solution File, Format Version 12.00
# Visual Studio 15
VisualStudioVersion = 15.0.28010.2026
MinimumVisualStudioVersion = 10.0.40219.1
Project("{FAE04EC0-301F-11D3-BF4B-00C04F79EFBC}") = "Cookery", "Cookery\Cookery.csproj", "{4D3559AC-C0A9-4A20-B62D-95DB1AC62A8D}"
EndProject
Project("{FAE04EC0-301F-11D3-BF4B-00C04F79EFBC}") = "Cookery.Models", "Cookery.Models\Cookery.Models.csproj", "{9156FCDD-C33C-49C7-AF29-4C8EE217F186}"
EndProject
Global
	GlobalSection(SolutionConfigurationPlatforms) = preSolution
		Debug|Any CPU = Debug|Any CPU
		Release|Any CPU = Release|Any CPU
	EndGlobalSection
	GlobalSection(ProjectConfigurationPlatforms) = postSolution
		{4D3559AC-C0A9-4A20-B62D-95DB1AC62A8D}.Debug|Any CPU.ActiveCfg = Debug|Any CPU
		{4D3559AC-C0A9-4A20-B62D-95DB1AC62A8D}.Debug|Any CPU.Build.0 = Debug|Any CPU
		{4D3559AC-C0A9-4A20-B62D-95DB1AC62A8D}.Release|Any CPU.ActiveCfg = Release|Any CPU
		{4D3559AC-C0A9-4A20-B62D-95DB1AC62A8D}.Release|Any CPU.Build.0 = Release|Any CPU
		{9156FCDD-C33C-49C7-AF29-4C8EE217F186}.Debug|Any CPU.ActiveCfg = Debug|Any CPU
		{9156FCDD-C33C-49C7-AF29-4C8EE217F186}.Debug|Any CPU.Build.0 = Debug|Any CPU
		{9156FCDD-C33C-49C7-AF29-4C8EE217F186}.Release|Any CPU.ActiveCfg = Release|Any CPU
		{9156FCDD-C33C-49C7-AF29-4C8EE217F186}.Release|Any CPU.Build.0 = Release|Any CPU
	EndGlobalSection
	GlobalSection(SolutionProperties) = preSolution
		HideSolutionNode = FALSE
	EndGlobalSection
	GlobalSection(ExtensibilityGlobals) = postSolution
		SolutionGuid = {A2C32EDA-BBF5-4BB7-BA21-1D67A17A0BC5}
	EndGlobalSection
EndGlobal
